
Microsoft Visual Studio Solution File, Format Version 12.00
# Visual Studio Version 16
VisualStudioVersion = 16.0.30804.86
MinimumVisualStudioVersion = 10.0.40219.1
Project("{FAE04EC0-301F-11D3-BF4B-00C04F79EFBC}") = "GetTiketsMoney", "ConsoleApp1\GetTiketsMoney.csproj", "{31B76CA7-AE9A-4E1F-A848-520F32FAABE4}"
EndProject
Project("{FAE04EC0-301F-11D3-BF4B-00C04F79EFBC}") = "APITikets", "APITiketsMoney\APITikets.csproj", "{AE227980-789E-4659-B188-B7D6C4D65D8A}"
EndProject
Global
	GlobalSection(SolutionConfigurationPlatforms) = preSolution
		Debug|Any CPU = Debug|Any CPU
		Release|Any CPU = Release|Any CPU
	EndGlobalSection
	GlobalSection(ProjectConfigurationPlatforms) = postSolution
		{31B76CA7-AE9A-4E1F-A848-520F32FAABE4}.Debug|Any CPU.ActiveCfg = Debug|Any CPU
		{31B76CA7-AE9A-4E1F-A848-520F32FAABE4}.Debug|Any CPU.Build.0 = Debug|Any CPU
		{31B76CA7-AE9A-4E1F-A848-520F32FAABE4}.Release|Any CPU.ActiveCfg = Release|Any CPU
		{31B76CA7-AE9A-4E1F-A848-520F32FAABE4}.Release|Any CPU.Build.0 = Release|Any CPU
		{AE227980-789E-4659-B188-B7D6C4D65D8A}.Debug|Any CPU.ActiveCfg = Debug|Any CPU
		{AE227980-789E-4659-B188-B7D6C4D65D8A}.Debug|Any CPU.Build.0 = Debug|Any CPU
		{AE227980-789E-4659-B188-B7D6C4D65D8A}.Release|Any CPU.ActiveCfg = Release|Any CPU
		{AE227980-789E-4659-B188-B7D6C4D65D8A}.Release|Any CPU.Build.0 = Release|Any CPU
	EndGlobalSection
	GlobalSection(SolutionProperties) = preSolution
		HideSolutionNode = FALSE
	EndGlobalSection
	GlobalSection(ExtensibilityGlobals) = postSolution
		SolutionGuid = {AC4EFF43-7EA4-497B-98FE-C4742D9C18A9}
	EndGlobalSection
EndGlobal
